
Microsoft Visual Studio Solution File, Format Version 12.00
# Visual Studio Version 17
VisualStudioVersion = 17.1.32328.378
MinimumVisualStudioVersion = 10.0.40219.1
Project("{FAE04EC0-301F-11D3-BF4B-00C04F79EFBC}") = "SDK_Laboratoire1", "SDK_Laboratoire1.csproj", "{F14A209C-B2C4-4025-AA2F-4DD7204E9936}"
EndProject
Global
	GlobalSection(SolutionConfigurationPlatforms) = preSolution
		Debug|Any CPU = Debug|Any CPU
		Release|Any CPU = Release|Any CPU
	EndGlobalSection
	GlobalSection(ProjectConfigurationPlatforms) = postSolution
		{F14A209C-B2C4-4025-AA2F-4DD7204E9936}.Debug|Any CPU.ActiveCfg = Debug|Any CPU
		{F14A209C-B2C4-4025-AA2F-4DD7204E9936}.Debug|Any CPU.Build.0 = Debug|Any CPU
		{F14A209C-B2C4-4025-AA2F-4DD7204E9936}.Release|Any CPU.ActiveCfg = Release|Any CPU
		{F14A209C-B2C4-4025-AA2F-4DD7204E9936}.Release|Any CPU.Build.0 = Release|Any CPU
	EndGlobalSection
	GlobalSection(SolutionProperties) = preSolution
		HideSolutionNode = FALSE
	EndGlobalSection
	GlobalSection(ExtensibilityGlobals) = postSolution
		SolutionGuid = {729CCD6C-0D63-40C0-91C8-DBEB80200FBF}
	EndGlobalSection
EndGlobal
